Microsoft Visual Studio Solution File, Format Version 12.00
# Visual Studio Version 17
VisualStudioVersion = 17.5.2.0
MinimumVisualStudioVersion = 10.0.40219.1
Project("{FAE04EC0-301F-11D3-BF4B-00C04F79EFBC}") = "TestesUnitarios.Console", "TestesUnitarios.Console\TestesUnitarios.Console.csproj", "{9CC35051-7697-E1BE-04D4-E06074FBF05C}"
EndProject
Project("{FAE04EC0-301F-11D3-BF4B-00C04F79EFBC}") = "TestesUnitarios.Tests", "TestesUnitarios.Tests\TestesUnitarios.Tests.csproj", "{D59AC241-25C7-3047-BCC9-A9AD63EDCC60}"
EndProject
Global
	GlobalSection(SolutionConfigurationPlatforms) = preSolution
		Debug|Any CPU = Debug|Any CPU
		Release|Any CPU = Release|Any CPU
	EndGlobalSection
	GlobalSection(ProjectConfigurationPlatforms) = postSolution
		{9CC35051-7697-E1BE-04D4-E06074FBF05C}.Debug|Any CPU.ActiveCfg = Debug|Any CPU
		{9CC35051-7697-E1BE-04D4-E06074FBF05C}.Debug|Any CPU.Build.0 = Debug|Any CPU
		{9CC35051-7697-E1BE-04D4-E06074FBF05C}.Release|Any CPU.ActiveCfg = Release|Any CPU
		{9CC35051-7697-E1BE-04D4-E06074FBF05C}.Release|Any CPU.Build.0 = Release|Any CPU
		{D59AC241-25C7-3047-BCC9-A9AD63EDCC60}.Debug|Any CPU.ActiveCfg = Debug|Any CPU
		{D59AC241-25C7-3047-BCC9-A9AD63EDCC60}.Debug|Any CPU.Build.0 = Debug|Any CPU
		{D59AC241-25C7-3047-BCC9-A9AD63EDCC60}.Release|Any CPU.ActiveCfg = Release|Any CPU
		{D59AC241-25C7-3047-BCC9-A9AD63EDCC60}.Release|Any CPU.Build.0 = Release|Any CPU
	EndGlobalSection
	GlobalSection(SolutionProperties) = preSolution
		HideSolutionNode = FALSE
	EndGlobalSection
	GlobalSection(ExtensibilityGlobals) = postSolution
		SolutionGuid = {23A80F70-05F7-49A1-A190-31F76CEF5CC5}
	EndGlobalSection
EndGlobal
